
Microsoft Visual Studio Solution File, Format Version 12.00
# Visual Studio Version 17
VisualStudioVersion = 17.4.33213.308
MinimumVisualStudioVersion = 10.0.40219.1
Project("{9A19103F-16F7-4668-BE54-9A1E7A4F7556}") = "WebScraper", "WebScraper\WebScraper.csproj", "{99001028-53B5-40E9-BE49-803A6F593604}"
	ProjectSection(ProjectDependencies) = postProject
		{267453B7-2B88-4DFA-98EB-FB23A14C85CC} = {267453B7-2B88-4DFA-98EB-FB23A14C85CC}
	EndProjectSection
EndProject
Project("{9A19103F-16F7-4668-BE54-9A1E7A4F7556}") = "AudioArea.Mvc", "AudioArea.Mvc\AudioArea.Mvc.csproj", "{0D5F4641-9086-422C-B5B4-C7DC940C7169}"
EndProject
Project("{9A19103F-16F7-4668-BE54-9A1E7A4F7556}") = "AudioArea.Common.DataContext.SqlServer", "AudioArea.Common.DataContext.SqlServer\AudioArea.Common.DataContext.SqlServer.csproj", "{FCEC6EF6-29A1-4FFB-B000-94B40B22A23E}"
EndProject
Project("{9A19103F-16F7-4668-BE54-9A1E7A4F7556}") = "AudioArea.Common.EntityModels.SqlServer", "AudioArea.Common.EntityModels.SqlServer\AudioArea.Common.EntityModels.SqlServer.csproj", "{267453B7-2B88-4DFA-98EB-FB23A14C85CC}"
EndProject
Global
	GlobalSection(SolutionConfigurationPlatforms) = preSolution
		Debug|Any CPU = Debug|Any CPU
		Release|Any CPU = Release|Any CPU
	EndGlobalSection
	GlobalSection(ProjectConfigurationPlatforms) = postSolution
		{99001028-53B5-40E9-BE49-803A6F593604}.Debug|Any CPU.ActiveCfg = Debug|Any CPU
		{99001028-53B5-40E9-BE49-803A6F593604}.Debug|Any CPU.Build.0 = Debug|Any CPU
		{99001028-53B5-40E9-BE49-803A6F593604}.Release|Any CPU.ActiveCfg = Release|Any CPU
		{99001028-53B5-40E9-BE49-803A6F593604}.Release|Any CPU.Build.0 = Release|Any CPU
		{0D5F4641-9086-422C-B5B4-C7DC940C7169}.Debug|Any CPU.ActiveCfg = Debug|Any CPU
		{0D5F4641-9086-422C-B5B4-C7DC940C7169}.Debug|Any CPU.Build.0 = Debug|Any CPU
		{0D5F4641-9086-422C-B5B4-C7DC940C7169}.Release|Any CPU.ActiveCfg = Release|Any CPU
		{0D5F4641-9086-422C-B5B4-C7DC940C7169}.Release|Any CPU.Build.0 = Release|Any CPU
		{FCEC6EF6-29A1-4FFB-B000-94B40B22A23E}.Debug|Any CPU.ActiveCfg = Debug|Any CPU
		{FCEC6EF6-29A1-4FFB-B000-94B40B22A23E}.Debug|Any CPU.Build.0 = Debug|Any CPU
		{FCEC6EF6-29A1-4FFB-B000-94B40B22A23E}.Release|Any CPU.ActiveCfg = Release|Any CPU
		{FCEC6EF6-29A1-4FFB-B000-94B40B22A23E}.Release|Any CPU.Build.0 = Release|Any CPU
		{267453B7-2B88-4DFA-98EB-FB23A14C85CC}.Debug|Any CPU.ActiveCfg = Debug|Any CPU
		{267453B7-2B88-4DFA-98EB-FB23A14C85CC}.Debug|Any CPU.Build.0 = Debug|Any CPU
		{267453B7-2B88-4DFA-98EB-FB23A14C85CC}.Release|Any CPU.ActiveCfg = Release|Any CPU
		{267453B7-2B88-4DFA-98EB-FB23A14C85CC}.Release|Any CPU.Build.0 = Release|Any CPU
	EndGlobalSection
	GlobalSection(SolutionProperties) = preSolution
		HideSolutionNode = FALSE
	EndGlobalSection
	GlobalSection(ExtensibilityGlobals) = postSolution
		SolutionGuid = {124988B7-1C32-4EDA-B8D1-8A5786FA16F3}
	EndGlobalSection
EndGlobal
